
Microsoft Visual Studio Solution File, Format Version 12.00
Project("{2150E333-8FDC-42A3-9474-1A3956D46DE8}") = "src", "src", "{5E4DA7AE-4DA2-4E49-AEFA-B2D42D475579}"
EndProject
Project("{FAE04EC0-301F-11D3-BF4B-00C04F79EFBC}") = "Core", "src\Core\Core.csproj", "{06A31FC6-2162-47A0-A438-5D2E618CCE26}"
EndProject
Project("{FAE04EC0-301F-11D3-BF4B-00C04F79EFBC}") = "Infrastructure", "src\Infrastructure\Infrastructure.csproj", "{3054470E-1651-4255-9DA7-65FD6503F7DE}"
EndProject
Project("{FAE04EC0-301F-11D3-BF4B-00C04F79EFBC}") = "Application", "src\Application\Application.csproj", "{7C6B2A26-51EC-4663-82D8-23622C7D5748}"
EndProject
Project("{2150E333-8FDC-42A3-9474-1A3956D46DE8}") = "Presentation", "Presentation", "{C81FE068-E533-477F-B864-60A82877C0BB}"
EndProject
Project("{FAE04EC0-301F-11D3-BF4B-00C04F79EFBC}") = "Web", "src\Presentation\Web\Web.csproj", "{5906D483-DEFB-4661-ABCA-64B4A8D93E36}"
EndProject
Project("{2150E333-8FDC-42A3-9474-1A3956D46DE8}") = "Client", "Client", "{CC7FC8CC-B2E6-4879-98B8-6C457FA8BCCA}"
EndProject
Project("{2150E333-8FDC-42A3-9474-1A3956D46DE8}") = "tests", "tests", "{29A6A028-435B-4BB3-930E-A6C07E7049C2}"
EndProject
Project("{FAE04EC0-301F-11D3-BF4B-00C04F79EFBC}") = "Application.Tests", "tests\Application.Tests\Application.Tests.csproj", "{F3C67C81-2985-4F13-8391-1C98AF16EBF7}"
EndProject
Project("{FAE04EC0-301F-11D3-BF4B-00C04F79EFBC}") = "Web.Tests", "tests\Web.Tests\Web.Tests.csproj", "{2E388772-73FD-4824-80A7-A519F256F49F}"
EndProject
Project("{2150E333-8FDC-42A3-9474-1A3956D46DE8}") = "ops", "ops", "{FB522AB2-43BF-45D4-B50E-9B59F8096DAF}"
	ProjectSection(SolutionItems) = preProject
		ops\docker-compose.yaml = ops\docker-compose.yaml
		ops\.env = ops\.env
	EndProjectSection
EndProject
Global
	GlobalSection(SolutionConfigurationPlatforms) = preSolution
		Debug|Any CPU = Debug|Any CPU
		Release|Any CPU = Release|Any CPU
	EndGlobalSection
	GlobalSection(NestedProjects) = preSolution
		{C81FE068-E533-477F-B864-60A82877C0BB} = {5E4DA7AE-4DA2-4E49-AEFA-B2D42D475579}
		{7C6B2A26-51EC-4663-82D8-23622C7D5748} = {5E4DA7AE-4DA2-4E49-AEFA-B2D42D475579}
		{06A31FC6-2162-47A0-A438-5D2E618CCE26} = {5E4DA7AE-4DA2-4E49-AEFA-B2D42D475579}
		{3054470E-1651-4255-9DA7-65FD6503F7DE} = {5E4DA7AE-4DA2-4E49-AEFA-B2D42D475579}
		{5906D483-DEFB-4661-ABCA-64B4A8D93E36} = {C81FE068-E533-477F-B864-60A82877C0BB}
		{CC7FC8CC-B2E6-4879-98B8-6C457FA8BCCA} = {C81FE068-E533-477F-B864-60A82877C0BB}
		{F3C67C81-2985-4F13-8391-1C98AF16EBF7} = {29A6A028-435B-4BB3-930E-A6C07E7049C2}
		{2E388772-73FD-4824-80A7-A519F256F49F} = {29A6A028-435B-4BB3-930E-A6C07E7049C2}
	EndGlobalSection
	GlobalSection(ProjectConfigurationPlatforms) = postSolution
		{06A31FC6-2162-47A0-A438-5D2E618CCE26}.Debug|Any CPU.ActiveCfg = Debug|Any CPU
		{06A31FC6-2162-47A0-A438-5D2E618CCE26}.Debug|Any CPU.Build.0 = Debug|Any CPU
		{06A31FC6-2162-47A0-A438-5D2E618CCE26}.Release|Any CPU.ActiveCfg = Release|Any CPU
		{06A31FC6-2162-47A0-A438-5D2E618CCE26}.Release|Any CPU.Build.0 = Release|Any CPU
		{3054470E-1651-4255-9DA7-65FD6503F7DE}.Debug|Any CPU.ActiveCfg = Debug|Any CPU
		{3054470E-1651-4255-9DA7-65FD6503F7DE}.Debug|Any CPU.Build.0 = Debug|Any CPU
		{3054470E-1651-4255-9DA7-65FD6503F7DE}.Release|Any CPU.ActiveCfg = Release|Any CPU
		{3054470E-1651-4255-9DA7-65FD6503F7DE}.Release|Any CPU.Build.0 = Release|Any CPU
		{7C6B2A26-51EC-4663-82D8-23622C7D5748}.Debug|Any CPU.ActiveCfg = Debug|Any CPU
		{7C6B2A26-51EC-4663-82D8-23622C7D5748}.Debug|Any CPU.Build.0 = Debug|Any CPU
		{7C6B2A26-51EC-4663-82D8-23622C7D5748}.Release|Any CPU.ActiveCfg = Release|Any CPU
		{7C6B2A26-51EC-4663-82D8-23622C7D5748}.Release|Any CPU.Build.0 = Release|Any CPU
		{5906D483-DEFB-4661-ABCA-64B4A8D93E36}.Debug|Any CPU.ActiveCfg = Debug|Any CPU
		{5906D483-DEFB-4661-ABCA-64B4A8D93E36}.Debug|Any CPU.Build.0 = Debug|Any CPU
		{5906D483-DEFB-4661-ABCA-64B4A8D93E36}.Release|Any CPU.ActiveCfg = Release|Any CPU
		{5906D483-DEFB-4661-ABCA-64B4A8D93E36}.Release|Any CPU.Build.0 = Release|Any CPU
		{F3C67C81-2985-4F13-8391-1C98AF16EBF7}.Debug|Any CPU.ActiveCfg = Debug|Any CPU
		{F3C67C81-2985-4F13-8391-1C98AF16EBF7}.Debug|Any CPU.Build.0 = Debug|Any CPU
		{F3C67C81-2985-4F13-8391-1C98AF16EBF7}.Release|Any CPU.ActiveCfg = Release|Any CPU
		{F3C67C81-2985-4F13-8391-1C98AF16EBF7}.Release|Any CPU.Build.0 = Release|Any CPU
		{2E388772-73FD-4824-80A7-A519F256F49F}.Debug|Any CPU.ActiveCfg = Debug|Any CPU
		{2E388772-73FD-4824-80A7-A519F256F49F}.Debug|Any CPU.Build.0 = Debug|Any CPU
		{2E388772-73FD-4824-80A7-A519F256F49F}.Release|Any CPU.ActiveCfg = Release|Any CPU
		{2E388772-73FD-4824-80A7-A519F256F49F}.Release|Any CPU.Build.0 = Release|Any CPU
	EndGlobalSection
EndGlobal
